
Microsoft Visual Studio Solution File, Format Version 12.00
# Visual Studio Version 17
VisualStudioVersion = 17.5.33516.290
MinimumVisualStudioVersion = 10.0.40219.1
Project("{9A19103F-16F7-4668-BE54-9A1E7A4F7556}") = "MarketManager.API", "MarketManager.API\MarketManager.API.csproj", "{54870FC3-6C36-42D8-98BA-A0920B2B6AF6}"
EndProject
Project("{9A19103F-16F7-4668-BE54-9A1E7A4F7556}") = "MarketManager.Domain", "MarketManager.Domain\MarketManager.Domain.csproj", "{0B1101FE-724C-4C94-B93E-E203C161203F}"
EndProject
Project("{FAE04EC0-301F-11D3-BF4B-00C04F79EFBC}") = "MarketManager.Application", "MarketManager.Application\MarketManager.Application.csproj", "{F118C813-D263-4048-989C-5DE41731E330}"
EndProject
Project("{FAE04EC0-301F-11D3-BF4B-00C04F79EFBC}") = "MarketManager.Infrastructure", "MarketManager.Infrastructure\MarketManager.Infrastructure.csproj", "{FECFFCC6-2A75-495B-B5D8-2A9A53B9A603}"
EndProject
Global
	GlobalSection(SolutionConfigurationPlatforms) = preSolution
		Debug|Any CPU = Debug|Any CPU
		Release|Any CPU = Release|Any CPU
	EndGlobalSection
	GlobalSection(ProjectConfigurationPlatforms) = postSolution
		{54870FC3-6C36-42D8-98BA-A0920B2B6AF6}.Debug|Any CPU.ActiveCfg = Debug|Any CPU
		{54870FC3-6C36-42D8-98BA-A0920B2B6AF6}.Debug|Any CPU.Build.0 = Debug|Any CPU
		{54870FC3-6C36-42D8-98BA-A0920B2B6AF6}.Release|Any CPU.ActiveCfg = Release|Any CPU
		{54870FC3-6C36-42D8-98BA-A0920B2B6AF6}.Release|Any CPU.Build.0 = Release|Any CPU
		{0B1101FE-724C-4C94-B93E-E203C161203F}.Debug|Any CPU.ActiveCfg = Debug|Any CPU
		{0B1101FE-724C-4C94-B93E-E203C161203F}.Debug|Any CPU.Build.0 = Debug|Any CPU
		{0B1101FE-724C-4C94-B93E-E203C161203F}.Release|Any CPU.ActiveCfg = Release|Any CPU
		{0B1101FE-724C-4C94-B93E-E203C161203F}.Release|Any CPU.Build.0 = Release|Any CPU
		{F118C813-D263-4048-989C-5DE41731E330}.Debug|Any CPU.ActiveCfg = Debug|Any CPU
		{F118C813-D263-4048-989C-5DE41731E330}.Debug|Any CPU.Build.0 = Debug|Any CPU
		{F118C813-D263-4048-989C-5DE41731E330}.Release|Any CPU.ActiveCfg = Release|Any CPU
		{F118C813-D263-4048-989C-5DE41731E330}.Release|Any CPU.Build.0 = Release|Any CPU
		{FECFFCC6-2A75-495B-B5D8-2A9A53B9A603}.Debug|Any CPU.ActiveCfg = Debug|Any CPU
		{FECFFCC6-2A75-495B-B5D8-2A9A53B9A603}.Debug|Any CPU.Build.0 = Debug|Any CPU
		{FECFFCC6-2A75-495B-B5D8-2A9A53B9A603}.Release|Any CPU.ActiveCfg = Release|Any CPU
		{FECFFCC6-2A75-495B-B5D8-2A9A53B9A603}.Release|Any CPU.Build.0 = Release|Any CPU
	EndGlobalSection
	GlobalSection(SolutionProperties) = preSolution
		HideSolutionNode = FALSE
	EndGlobalSection
	GlobalSection(ExtensibilityGlobals) = postSolution
		SolutionGuid = {2B98C301-5CCA-422E-8037-A178E2CB06B0}
	EndGlobalSection
EndGlobal
